// !$*UTF8*$!
{
	archiveVersion = 1;
	classes = {
	};
	objectVersion = 55;
	objects = {

/* Begin PBXBuildFile section */
		531BBA742D4021AF306A10B0 /* Pods_firstanimation.framework in Frameworks */ = {isa = PBXBuildFile; fileRef = A80D00E1953868B3C9786270 /* Pods_firstanimation.framework */; };
		FA0C60E029C4FF79001511A1 /* data.json in Resources */ = {isa = PBXBuildFile; fileRef = FA0C60DF29C4FF79001511A1 /* data.json */; };
		FA0C60E229C5035B001511A1 /* HomeViewController.swift in Sources */ = {isa = PBXBuildFile; fileRef = FA0C60E129C5035B001511A1 /* HomeViewController.swift */; };
		FA91C6C929C3D097007D408F /* AppDelegate.swift in Sources */ = {isa = PBXBuildFile; fileRef = FA91C6C829C3D097007D408F /* AppDelegate.swift */; };
		FA91C6CB29C3D097007D408F /* SceneDelegate.swift in Sources */ = {isa = PBXBuildFile; fileRef = FA91C6CA29C3D097007D408F /* SceneDelegate.swift */; };
		FA91C6CD29C3D097007D408F /* ViewController.swift in Sources */ = {isa = PBXBuildFile; fileRef = FA91C6CC29C3D097007D408F /* ViewController.swift */; };
		FA91C6D029C3D097007D408F /* Main.storyboard in Resources */ = {isa = PBXBuildFile; fileRef = FA91C6CE29C3D097007D408F /* Main.storyboard */; };
		FA91C6D229C3D09A007D408F /* Assets.xcassets in Resources */ = {isa = PBXBuildFile; fileRef = FA91C6D129C3D09A007D408F /* Assets.xcassets */; };
		FA91C6D529C3D09A007D408F /* LaunchScreen.storyboard in Resources */ = {isa = PBXBuildFile; fileRef = FA91C6D329C3D09A007D408F /* LaunchScreen.storyboard */; };
/* End PBXBuildFile section */

/* Begin PBXFileReference section */
		4BD98B685759337879EB7F4C /* Pods-firstanimation.release.xcconfig */ = {isa = PBXFileReference; includeInIndex = 1; lastKnownFileType = text.xcconfig; name = "Pods-firstanimation.release.xcconfig"; path = "Target Support Files/Pods-firstanimation/Pods-firstanimation.release.xcconfig"; sourceTree = "<group>"; };
		A80D00E1953868B3C9786270 /* Pods_firstanimation.framework */ = {isa = PBXFileReference; explicitFileType = wrapper.framework; includeInIndex = 0; path = Pods_firstanimation.framework; sourceTree = BUILT_PRODUCTS_DIR; };
		FA0C60DF29C4FF79001511A1 /* data.json */ = {isa = PBXFileReference; fileEncoding = 4; lastKnownFileType = text.json; name = data.json; path = ../../../Downloads/data.json; sourceTree = "<group>"; };
		FA0C60E129C5035B001511A1 /* HomeViewController.swift */ = {isa = PBXFileReference; lastKnownFileType = sourcecode.swift; path = HomeViewController.swift; sourceTree = "<group>"; };
		FA91C6C529C3D097007D408F /* firstanimation.app */ = {isa = PBXFileReference; explicitFileType = wrapper.application; includeInIndex = 0; path = firstanimation.app; sourceTree = BUILT_PRODUCTS_DIR; };
		FA91C6C829C3D097007D408F /* AppDelegate.swift */ = {isa = PBXFileReference; lastKnownFileType = sourcecode.swift; path = AppDelegate.swift; sourceTree = "<group>"; };
		FA91C6CA29C3D097007D408F /* SceneDelegate.swift */ = {isa = PBXFileReference; lastKnownFileType = sourcecode.swift; path = SceneDelegate.swift; sourceTree = "<group>"; };
		FA91C6CC29C3D097007D408F /* ViewController.swift */ = {isa = PBXFileReference; lastKnownFileType = sourcecode.swift; path = ViewController.swift; sourceTree = "<group>"; };
		FA91C6CF29C3D097007D408F /* Base */ = {isa = PBXFileReference; lastKnownFileType = file.storyboard; name = Base; path = Base.lproj/Main.storyboard; sourceTree = "<group>"; };
		FA91C6D129C3D09A007D408F /* Assets.xcassets */ = {isa = PBXFileReference; lastKnownFileType = folder.assetcatalog; path = Assets.xcassets; sourceTree = "<group>"; };
		FA91C6D429C3D09A007D408F /* Base */ = {isa = PBXFileReference; lastKnownFileType = file.storyboard; name = Base; path = Base.lproj/LaunchScreen.storyboard; sourceTree = "<group>"; };
		FA91C6D629C3D09A007D408F /* Info.plist */ = {isa = PBXFileReference; lastKnownFileType = text.plist.xml; path = Info.plist; sourceTree = "<group>"; };
		FD1D9F687558CB46E421063E /* Pods-firstanimation.debug.xcconfig */ = {isa = PBXFileReference; includeInIndex = 1; lastKnownFileType = text.xcconfig; name = "Pods-firstanimation.debug.xcconfig"; path = "Target Support Files/Pods-firstanimation/Pods-firstanimation.debug.xcconfig"; sourceTree = "<group>"; };
/* End PBXFileReference section */

/* Begin PBXFrameworksBuildPhase section */
		FA91C6C229C3D097007D408F /* Frameworks */ = {
			isa = PBXFrameworksBuildPhase;
			buildActionMask = 2147483647;
			files = (
				531BBA742D4021AF306A10B0 /* Pods_firstanimation.framework in Frameworks */,
			);
			runOnlyForDeploymentPostprocessing = 0;
		};
/* End PBXFrameworksBuildPhase section */

/* Begin PBXGroup section */
		56411DE1D2182C5A6B3CA7D6 /* Frameworks */ = {
			isa = PBXGroup;
			children = (
				A80D00E1953868B3C9786270 /* Pods_firstanimation.framework */,
			);
			name = Frameworks;
			sourceTree = "<group>";
		};
		F300BA2B1BC5BCC41C434CC8 /* Pods */ = {
			isa = PBXGroup;
			children = (
				FD1D9F687558CB46E421063E /* Pods-firstanimation.debug.xcconfig */,
				4BD98B685759337879EB7F4C /* Pods-firstanimation.release.xcconfig */,
			);
			path = Pods;
			sourceTree = "<group>";
		};
		FA91C6BC29C3D097007D408F = {
			isa = PBXGroup;
			children = (
				FA0C60DF29C4FF79001511A1 /* data.json */,
				FA91C6C729C3D097007D408F /* firstanimation */,
				FA91C6C629C3D097007D408F /* Products */,
				F300BA2B1BC5BCC41C434CC8 /* Pods */,
				56411DE1D2182C5A6B3CA7D6 /* Frameworks */,
			);
			sourceTree = "<group>";
		};
		FA91C6C629C3D097007D408F /* Products */ = {
			isa = PBXGroup;
			children = (
				FA91C6C529C3D097007D408F /* firstanimation.app */,
			);
			name = Products;
			sourceTree = "<group>";
		};
		FA91C6C729C3D097007D408F /* firstanimation */ = {
			isa = PBXGroup;
			children = (
				FA91C6C829C3D097007D408F /* AppDelegate.swift */,
				FA91C6CA29C3D097007D408F /* SceneDelegate.swift */,
				FA91C6CC29C3D097007D408F /* ViewController.swift */,
				FA91C6CE29C3D097007D408F /* Main.storyboard */,
				FA91C6D129C3D09A007D408F /* Assets.xcassets */,
				FA91C6D329C3D09A007D408F /* LaunchScreen.storyboard */,
				FA91C6D629C3D09A007D408F /* Info.plist */,
				FA0C60E129C5035B001511A1 /* HomeViewController.swift */,
			);
			path = firstanimation;
			sourceTree = "<group>";
		};
/* End PBXGroup section */

/* Begin PBXNativeTarget section */
		FA91C6C429C3D097007D408F /* firstanimation */ = {
			isa = PBXNativeTarget;
			buildConfigurationList = FA91C6D929C3D09A007D408F /* Build configuration list for PBXNativeTarget "firstanimation" */;
			buildPhases = (
				AECA5BC5F384727FE261A234 /* [CP] Check Pods Manifest.lock */,
				FA91C6C129C3D097007D408F /* Sources */,
				FA91C6C229C3D097007D408F /* Frameworks */,
				FA91C6C329C3D097007D408F /* Resources */,
				8C1B90EBE51EA0EF7F6A864F /* [CP] Embed Pods Frameworks */,
			);
			buildRules = (
			);
			dependencies = (
			);
			name = firstanimation;
			productName = firstanimation;
			productReference = FA91C6C529C3D097007D408F /* firstanimation.app */;
			productType = "com.apple.product-type.application";
		};
/* End PBXNativeTarget section */

/* Begin PBXProject section */
		FA91C6BD29C3D097007D408F /* Project object */ = {
			isa = PBXProject;
			attributes = {
				BuildIndependentTargetsInParallel = 1;
				LastSwiftUpdateCheck = 1340;
				LastUpgradeCheck = 1340;
				TargetAttributes = {
					FA91C6C429C3D097007D408F = {
						CreatedOnToolsVersion = 13.4;
					};
				};
			};
			buildConfigurationList = FA91C6C029C3D097007D408F /* Build configuration list for PBXProject "firstanimation" */;
			compatibilityVersion = "Xcode 13.0";
			developmentRegion = en;
			hasScannedForEncodings = 0;
			knownRegions = (
				en,
				Base,
			);
			mainGroup = FA91C6BC29C3D097007D408F;
			productRefGroup = FA91C6C629C3D097007D408F /* Products */;
			projectDirPath = "";
			projectRoot = "";
			targets = (
				FA91C6C429C3D097007D408F /* firstanimation */,
			);
		};
/* End PBXProject section */

/* Begin PBXResourcesBuildPhase section */
		FA91C6C329C3D097007D408F /* Resources */ = {
			isa = PBXResourcesBuildPhase;
			buildActionMask = 2147483647;
			files = (
				FA91C6D529C3D09A007D408F /* LaunchScreen.storyboard in Resources */,
				FA91C6D229C3D09A007D408F /* Assets.xcassets in Resources */,
				FA91C6D029C3D097007D408F /* Main.storyboard in Resources */,
				FA0C60E029C4FF79001511A1 /* data.json in Resources */,
			);
			runOnlyForDeploymentPostprocessing = 0;
		};
/* End PBXResourcesBuildPhase section */

/* Begin PBXShellScriptBuildPhase section */
		8C1B90EBE51EA0EF7F6A864F /* [CP] Embed Pods Frameworks */ = {
			isa = PBXShellScriptBuildPhase;
			buildActionMask = 2147483647;
			files = (
			);
			inputFileListPaths = (
				"${PODS_ROOT}/Target Support Files/Pods-firstanimation/Pods-firstanimation-frameworks-${CONFIGURATION}-input-files.xcfilelist",
			);
			name = "[CP] Embed Pods Frameworks";
			outputFileListPaths = (
				"${PODS_ROOT}/Target Support Files/Pods-firstanimation/Pods-firstanimation-frameworks-${CONFIGURATION}-output-files.xcfilelist",
			);
			runOnlyForDeploymentPostprocessing = 0;
			shellPath = /bin/sh;
			shellScript = "\"${PODS_ROOT}/Target Support Files/Pods-firstanimation/Pods-firstanimation-frameworks.sh\"\n";
			showEnvVarsInLog = 0;
		};
		AECA5BC5F384727FE261A234 /* [CP] Check Pods Manifest.lock */ = {
			isa = PBXShellScriptBuildPhase;
			buildActionMask = 2147483647;
			files = (
			);
			inputFileListPaths = (
			);
			inputPaths = (
				"${PODS_PODFILE_DIR_PATH}/Podfile.lock",
				"${PODS_ROOT}/Manifest.lock",
			);
			name = "[CP] Check Pods Manifest.lock";
			outputFileListPaths = (
			);
			outputPaths = (
				"$(DERIVED_FILE_DIR)/Pods-firstanimation-checkManifestLockResult.txt",
			);
			runOnlyForDeploymentPostprocessing = 0;
			shellPath = /bin/sh;
			shellScript = "diff \"${PODS_PODFILE_DIR_PATH}/Podfile.lock\" \"${PODS_ROOT}/Manifest.lock\" > /dev/null\nif [ $? != 0 ] ; then\n    # print error to STDERR\n    echo \"error: The sandbox is not in sync with the Podfile.lock. Run 'pod install' or update your CocoaPods installation.\" >&2\n    exit 1\nfi\n# This output is used by Xcode 'outputs' to avoid re-running this script phase.\necho \"SUCCESS\" > \"${SCRIPT_OUTPUT_FILE_0}\"\n";
			showEnvVarsInLog = 0;
		};
/* End PBXShellScriptBuildPhase section */

/* Begin PBXSourcesBuildPhase section */
		FA91C6C129C3D097007D408F /* Sources */ = {
			isa = PBXSourcesBuildPhase;
			buildActionMask = 2147483647;
			files = (
				FA91C6CD29C3D097007D408F /* ViewController.swift in Sources */,
				FA91C6C929C3D097007D408F /* AppDelegate.swift in Sources */,
				FA91C6CB29C3D097007D408F /* SceneDelegate.swift in Sources */,
				FA0C60E229C5035B001511A1 /* HomeViewController.swift in Sources */,
			);
			runOnlyForDeploymentPostprocessing = 0;
		};
/* End PBXSourcesBuildPhase section */

/* Begin PBXVariantGroup section */
		FA91C6CE29C3D097007D408F /* Main.storyboard */ = {
			isa = PBXVariantGroup;
			children = (
				FA91C6CF29C3D097007D408F /* Base */,
			);
			name = Main.storyboard;
			sourceTree = "<group>";
		};
		FA91C6D329C3D09A007D408F /* LaunchScreen.storyboard */ = {
			isa = PBXVariantGroup;
			children = (
				FA91C6D429C3D09A007D408F /* Base */,
			);
			name = LaunchScreen.storyboard;
			sourceTree = "<group>";
		};
/* End PBXVariantGroup section */

/* Begin XCBuildConfiguration section */
		FA91C6D729C3D09A007D408F /* Debug */ = {
			isa = XCBuildConfiguration;
			buildSettings = {
				ALWAYS_SEARCH_USER_PATHS = NO;
				CLANG_ANALYZER_NONNULL = YES;
				CLANG_ANALYZER_NUMBER_OBJECT_CONVERSION = YES_AGGRESSIVE;
				CLANG_CXX_LANGUAGE_STANDARD = "gnu++17";
				CLANG_ENABLE_MODULES = YES;
				CLANG_ENABLE_OBJC_ARC = YES;
				CLANG_ENABLE_OBJC_WEAK = YES;
				CLANG_WARN_BLOCK_CAPTURE_AUTORELEASING = YES;
				CLANG_WARN_BOOL_CONVERSION = YES;
				CLANG_WARN_COMMA = YES;
				CLANG_WARN_CONSTANT_CONVERSION = YES;
				CLANG_WARN_DEPRECATED_OBJC_IMPLEMENTATIONS = YES;
				CLANG_WARN_DIRECT_OBJC_ISA_USAGE = YES_ERROR;
				CLANG_WARN_DOCUMENTATION_COMMENTS = YES;
				CLANG_WARN_EMPTY_BODY = YES;
				CLANG_WARN_ENUM_CONVERSION = YES;
				CLANG_WARN_INFINITE_RECURSION = YES;
				CLANG_WARN_INT_CONVERSION = YES;
				CLANG_WARN_NON_LITERAL_NULL_CONVERSION = YES;
				CLANG_WARN_OBJC_IMPLICIT_RETAIN_SELF = YES;
				CLANG_WARN_OBJC_LITERAL_CONVERSION = YES;
				CLANG_WARN_OBJC_ROOT_CLASS = YES_ERROR;
				CLANG_WARN_QUOTED_INCLUDE_IN_FRAMEWORK_HEADER = YES;
				CLANG_WARN_RANGE_LOOP_ANALYSIS = YES;
				CLANG_WARN_STRICT_PROTOTYPES = YES;
				CLANG_WARN_SUSPICIOUS_MOVE = YES;
				CLANG_WARN_UNGUARDED_AVAILABILITY = YES_AGGRESSIVE;
				CLANG_WARN_UNREACHABLE_CODE = YES;
				CLANG_WARN__DUPLICATE_METHOD_MATCH = YES;
				COPY_PHASE_STRIP = NO;
				DEBUG_INFORMATION_FORMAT = dwarf;
				ENABLE_STRICT_OBJC_MSGSEND = YES;
				ENABLE_TESTABILITY = YES;
				GCC_C_LANGUAGE_STANDARD = gnu11;
				GCC_DYNAMIC_NO_PIC = NO;
				GCC_NO_COMMON_BLOCKS = YES;
				GCC_OPTIMIZATION_LEVEL = 0;
				GCC_PREPROCESSOR_DEFINITIONS = (
					"DEBUG=1",
					"$(inherited)",
				);
				GCC_WARN_64_TO_32_BIT_CONVERSION = YES;
				GCC_WARN_ABOUT_RETURN_TYPE = YES_ERROR;
				GCC_WARN_UNDECLARED_SELECTOR = YES;
				GCC_WARN_UNINITIALIZED_AUTOS = YES_AGGRESSIVE;
				GCC_WARN_UNUSED_FUNCTION = YES;
				GCC_WARN_UNUSED_VARIABLE = YES;
				IPHONEOS_DEPLOYMENT_TARGET = 15.5;
				MTL_ENABLE_DEBUG_INFO = INCLUDE_SOURCE;
				MTL_FAST_MATH = YES;
				ONLY_ACTIVE_ARCH = YES;
				SDKROOT = iphoneos;
				SWIFT_ACTIVE_COMPILATION_CONDITIONS = DEBUG;
				SWIFT_OPTIMIZATION_LEVEL = "-Onone";
			};
			name = Debug;
		};
		FA91C6D829C3D09A007D408F /* Release */ = {
			isa = XCBuildConfiguration;
			buildSettings = {
				ALWAYS_SEARCH_USER_PATHS = NO;
				CLANG_ANALYZER_NONNULL = YES;
				CLANG_ANALYZER_NUMBER_OBJECT_CONVERSION = YES_AGGRESSIVE;
				CLANG_CXX_LANGUAGE_STANDARD = "gnu++17";
				CLANG_ENABLE_MODULES = YES;
				CLANG_ENABLE_OBJC_ARC = YES;
				CLANG_ENABLE_OBJC_WEAK = YES;
				CLANG_WARN_BLOCK_CAPTURE_AUTORELEASING = YES;
				CLANG_WARN_BOOL_CONVERSION = YES;
				CLANG_WARN_COMMA = YES;
				CLANG_WARN_CONSTANT_CONVERSION = YES;
				CLANG_WARN_DEPRECATED_OBJC_IMPLEMENTATIONS = YES;
				CLANG_WARN_DIRECT_OBJC_ISA_USAGE = YES_ERROR;
				CLANG_WARN_DOCUMENTATION_COMMENTS = YES;
				CLANG_WARN_EMPTY_BODY = YES;
				CLANG_WARN_ENUM_CONVERSION = YES;
				CLANG_WARN_INFINITE_RECURSION = YES;
				CLANG_WARN_INT_CONVERSION = YES;
				CLANG_WARN_NON_LITERAL_NULL_CONVERSION = YES;
				CLANG_WARN_OBJC_IMPLICIT_RETAIN_SELF = YES;
				CLANG_WARN_OBJC_LITERAL_CONVERSION = YES;
				CLANG_WARN_OBJC_ROOT_CLASS = YES_ERROR;
				CLANG_WARN_QUOTED_INCLUDE_IN_FRAMEWORK_HEADER = YES;
				CLANG_WARN_RANGE_LOOP_ANALYSIS = YES;
				CLANG_WARN_STRICT_PROTOTYPES = YES;
				CLANG_WARN_SUSPICIOUS_MOVE = YES;
				CLANG_WARN_UNGUARDED_AVAILABILITY = YES_AGGRESSIVE;
				CLANG_WARN_UNREACHABLE_CODE = YES;
				CLANG_WARN__DUPLICATE_METHOD_MATCH = YES;
				COPY_PHASE_STRIP = NO;
				DEBUG_INFORMATION_FORMAT = "dwarf-with-dsym";
				ENABLE_NS_ASSERTIONS = NO;
				ENABLE_STRICT_OBJC_MSGSEND = YES;
				GCC_C_LANGUAGE_STANDARD = gnu11;
				GCC_NO_COMMON_BLOCKS = YES;
				GCC_WARN_64_TO_32_BIT_CONVERSION = YES;
				GCC_WARN_ABOUT_RETURN_TYPE = YES_ERROR;
				GCC_WARN_UNDECLARED_SELECTOR = YES;
				GCC_WARN_UNINITIALIZED_AUTOS = YES_AGGRESSIVE;
				GCC_WARN_UNUSED_FUNCTION = YES;
				GCC_WARN_UNUSED_VARIABLE = YES;
				IPHONEOS_DEPLOYMENT_TARGET = 15.5;
				MTL_ENABLE_DEBUG_INFO = NO;
				MTL_FAST_MATH = YES;
				SDKROOT = iphoneos;
				SWIFT_COMPILATION_MODE = wholemodule;
				SWIFT_OPTIMIZATION_LEVEL = "-O";
				VALIDATE_PRODUCT = YES;
			};
			name = Release;
		};
		FA91C6DA29C3D09A007D408F /* Debug */ = {
			isa = XCBuildConfiguration;
			baseConfigurationReference = FD1D9F687558CB46E421063E /* Pods-firstanimation.debug.xcconfig */;
			buildSettings = {
				ASSETCATALOG_COMPILER_APPICON_NAME = AppIcon;
				ASSETCATALOG_COMPILER_GLOBAL_ACCENT_COLOR_NAME = AccentColor;
				CODE_SIGN_STYLE = Automatic;
				CURRENT_PROJECT_VERSION = 1;
				DEVELOPMENT_TEAM = 57586ULJVD;
				GENERATE_INFOPLIST_FILE = YES;
				INFOPLIST_FILE = firstanimation/Info.plist;
				INFOPLIST_KEY_UIApplicationSupportsIndirectInputEvents = YES;
				INFOPLIST_KEY_UILaunchStoryboardName = LaunchScreen;
				INFOPLIST_KEY_UIMainStoryboardFile = Main;
				INFOPLIST_KEY_UISupportedInterfaceOrientations_iPad = "UIInterfaceOrientationPortrait UIInterfaceOrientationPortraitUpsideDown UIInterfaceOrientationLandscapeLeft UIInterfaceOrientationLandscapeRight";
				INFOPLIST_KEY_UISupportedInterfaceOrientations_iPhone = "UIInterfaceOrientationPortrait UIInterfaceOrientationLandscapeLeft UIInterfaceOrientationLandscapeRight";
				LD_RUNPATH_SEARCH_PATHS = (
					"$(inherited)",
					"@executable_path/Frameworks",
				);
				MARKETING_VERSION = 1.0;
				PRODUCT_BUNDLE_IDENTIFIER = com.firstanimation;
				PRODUCT_NAME = "$(TARGET_NAME)";
				SWIFT_EMIT_LOC_STRINGS = YES;
				SWIFT_VERSION = 5.0;
				TARGETED_DEVICE_FAMILY = "1,2";
			};
			name = Debug;
		};
		FA91C6DB29C3D09A007D408F /* Release */ = {
			isa = XCBuildConfiguration;
			baseConfigurationReference = 4BD98B685759337879EB7F4C /* Pods-firstanimation.release.xcconfig */;
			buildSettings = {
				ASSETCATALOG_COMPILER_APPICON_NAME = AppIcon;
				ASSETCATALOG_COMPILER_GLOBAL_ACCENT_COLOR_NAME = AccentColor;
				CODE_SIGN_STYLE = Automatic;
				CURRENT_PROJECT_VERSION = 1;
				DEVELOPMENT_TEAM = 57586ULJVD;
				GENERATE_INFOPLIST_FILE = YES;
				INFOPLIST_FILE = firstanimation/Info.plist;
				INFOPLIST_KEY_UIApplicationSupportsIndirectInputEvents = YES;
				INFOPLIST_KEY_UILaunchStoryboardName = LaunchScreen;
				INFOPLIST_KEY_UIMainStoryboardFile = Main;
				INFOPLIST_KEY_UISupportedInterfaceOrientations_iPad = "UIInterfaceOrientationPortrait UIInterfaceOrientationPortraitUpsideDown UIInterfaceOrientationLandscapeLeft UIInterfaceOrientationLandscapeRight";
				INFOPLIST_KEY_UISupportedInterfaceOrientations_iPhone = "UIInterfaceOrientationPortrait UIInterfaceOrientationLandscapeLeft UIInterfaceOrientationLandscapeRight";
				LD_RUNPATH_SEARCH_PATHS = (
					"$(inherited)",
					"@executable_path/Frameworks",
				);
				MARKETING_VERSION = 1.0;
				PRODUCT_BUNDLE_IDENTIFIER = com.firstanimation;
				PRODUCT_NAME = "$(TARGET_NAME)";
				SWIFT_EMIT_LOC_STRINGS = YES;
				SWIFT_VERSION = 5.0;
				TARGETED_DEVICE_FAMILY = "1,2";
			};
			name = Release;
		};
/* End XCBuildConfiguration section */

/* Begin XCConfigurationList section */
		FA91C6C029C3D097007D408F /* Build configuration list for PBXProject "firstanimation" */ = {
			isa = XCConfigurationList;
			buildConfigurations = (
				FA91C6D729C3D09A007D408F /* Debug */,
				FA91C6D829C3D09A007D408F /* Release */,
			);
			defaultConfigurationIsVisible = 0;
			defaultConfigurationName = Release;
		};
		FA91C6D929C3D09A007D408F /* Build configuration list for PBXNativeTarget "firstanimation" */ = {
			isa = XCConfigurationList;
			buildConfigurations = (
				FA91C6DA29C3D09A007D408F /* Debug */,
				FA91C6DB29C3D09A007D408F /* Release */,
			);
			defaultConfigurationIsVisible = 0;
			defaultConfigurationName = Release;
		};
/* End XCConfigurationList section */
	};
	rootObject = FA91C6BD29C3D097007D408F /* Project object */;
}
